
Microsoft Visual Studio Solution File, Format Version 12.00
# Visual Studio Version 17
VisualStudioVersion = 17.4.33213.308
MinimumVisualStudioVersion = 10.0.40219.1
Project("{FAE04EC0-301F-11D3-BF4B-00C04F79EFBC}") = "ACSClient", "ACSClient\ACSClient.csproj", "{70D0DC0D-D045-4250-9F14-FF7386E78690}"
EndProject
Global
	GlobalSection(SolutionConfigurationPlatforms) = preSolution
		Debug|Any CPU = Debug|Any CPU
		Release|Any CPU = Release|Any CPU
	EndGlobalSection
	GlobalSection(ProjectConfigurationPlatforms) = postSolution
		{70D0DC0D-D045-4250-9F14-FF7386E78690}.Debug|Any CPU.ActiveCfg = Debug|Any CPU
		{70D0DC0D-D045-4250-9F14-FF7386E78690}.Debug|Any CPU.Build.0 = Debug|Any CPU
		{70D0DC0D-D045-4250-9F14-FF7386E78690}.Release|Any CPU.ActiveCfg = Release|Any CPU
		{70D0DC0D-D045-4250-9F14-FF7386E78690}.Release|Any CPU.Build.0 = Release|Any CPU
	EndGlobalSection
	GlobalSection(SolutionProperties) = preSolution
		HideSolutionNode = FALSE
	EndGlobalSection
	GlobalSection(ExtensibilityGlobals) = postSolution
		SolutionGuid = {CC3209DE-6059-4612-BA8F-0DE6C1EF1EC1}
	EndGlobalSection
EndGlobal
